
Microsoft Visual Studio Solution File, Format Version 12.00
# Visual Studio 2013
VisualStudioVersion = 12.0.40629.0
MinimumVisualStudioVersion = 10.0.40219.1
Project("{FAE04EC0-301F-11D3-BF4B-00C04F79EFBC}") = "WindowTextExtractor", "WindowTextExtractor\WindowTextExtractor.csproj", "{784E5D61-B08C-47E4-936A-03C9F67B71D0}"
EndProject
Global
	GlobalSection(SolutionConfigurationPlatforms) = preSolution
		Debug|Any CPU = Debug|Any CPU
		Release|Any CPU = Release|Any CPU
	EndGlobalSection
	GlobalSection(ProjectConfigurationPlatforms) = postSolution
		{784E5D61-B08C-47E4-936A-03C9F67B71D0}.Debug|Any CPU.ActiveCfg = Debug|Any CPU
		{784E5D61-B08C-47E4-936A-03C9F67B71D0}.Debug|Any CPU.Build.0 = Debug|Any CPU
		{784E5D61-B08C-47E4-936A-03C9F67B71D0}.Release|Any CPU.ActiveCfg = Release|Any CPU
		{784E5D61-B08C-47E4-936A-03C9F67B71D0}.Release|Any CPU.Build.0 = Release|Any CPU
	EndGlobalSection
	GlobalSection(SolutionProperties) = preSolution
		HideSolutionNode = FALSE
	EndGlobalSection
EndGlobal
